{
  "version": 4,
  "terraform_version": "0.12.18",
  "serial": 13,
  "lineage": "08a2be2a-880a-f288-3856-7c4c6762385d",
  "outputs": {
    "ec2_id_test": {
      "value": "i-044e73c34589e510c",
      "type": "string"
    },
    "ec2_public_ip": {
      "value": "54.82.250.98",
      "type": "string"
    },
    "subnet_id_test": {
      "value": [
        "subnet-0eda465d5230ef11e"
      ],
      "type": [
        "tuple",
        [
          "string"
        ]
      ]
    },
    "vpc_id_test": {
      "value": "vpc-09e39cb2c16587e27",
      "type": "string"
    }
  },
  "resources": [
    {
      "module": "module.ec2",
      "mode": "data",
      "type": "aws_ami",
      "name": "ubuntu",
      "provider": "provider.aws",
      "instances": [
        {
          "schema_version": 0,
          "attributes": {
            "architecture": "x86_64",
            "block_device_mappings": [
              {
                "device_name": "/dev/sda1",
                "ebs": {
                  "delete_on_termination": "true",
                  "encrypted": "false",
                  "iops": "0",
                  "snapshot_id": "snap-06396eb1b7eaeae20",
                  "volume_size": "8",
                  "volume_type": "gp2"
                },
                "no_device": "",
                "virtual_name": ""
              },
              {
                "device_name": "/dev/sdb",
                "ebs": {},
                "no_device": "",
                "virtual_name": "ephemeral0"
              },
              {
                "device_name": "/dev/sdc",
                "ebs": {},
                "no_device": "",
                "virtual_name": "ephemeral1"
              }
            ],
            "creation_date": "2019-11-19T19:42:45.000Z",
            "description": "Canonical, Ubuntu, 16.04 LTS, amd64 xenial image build on 2019-11-14",
            "executable_users": null,
            "filter": [
              {
                "name": "name",
                "values": [
                  "ubuntu/images/hvm-ssd/ubuntu-xenial-16.04-amd64-server-*"
                ]
              },
              {
                "name": "virtualization-type",
                "values": [
                  "hvm"
                ]
              }
            ],
            "hypervisor": "xen",
            "id": "ami-09f9d773751b9d606",
            "image_id": "ami-09f9d773751b9d606",
            "image_location": "099720109477/ubuntu/images/hvm-ssd/ubuntu-xenial-16.04-amd64-server-20191114",
            "image_owner_alias": null,
            "image_type": "machine",
            "kernel_id": null,
            "most_recent": true,
            "name": "ubuntu/images/hvm-ssd/ubuntu-xenial-16.04-amd64-server-20191114",
            "name_regex": null,
            "owner_id": "099720109477",
            "owners": [
              "099720109477"
            ],
            "platform": null,
            "product_codes": [],
            "public": true,
            "ramdisk_id": null,
            "root_device_name": "/dev/sda1",
            "root_device_type": "ebs",
            "root_snapshot_id": "snap-06396eb1b7eaeae20",
            "sriov_net_support": "simple",
            "state": "available",
            "state_reason": {
              "code": "UNSET",
              "message": "UNSET"
            },
            "tags": {},
            "virtualization_type": "hvm"
          }
        }
      ]
    },
    {
      "module": "module.network",
      "mode": "data",
      "type": "aws_availability_zones",
      "name": "available",
      "provider": "provider.aws",
      "instances": [
        {
          "schema_version": 0,
          "attributes": {
            "blacklisted_names": null,
            "blacklisted_zone_ids": null,
            "id": "2020-01-12 14:38:38.54425274 +0000 UTC",
            "names": [
              "us-east-1a",
              "us-east-1b",
              "us-east-1c",
              "us-east-1d",
              "us-east-1e",
              "us-east-1f"
            ],
            "state": null,
            "zone_ids": [
              "use1-az2",
              "use1-az4",
              "use1-az6",
              "use1-az1",
              "use1-az3",
              "use1-az5"
            ]
          }
        }
      ]
    },
    {
      "module": "module.ec2",
      "mode": "data",
      "type": "aws_caller_identity",
      "name": "current",
      "provider": "provider.aws",
      "instances": [
        {
          "schema_version": 0,
          "attributes": {
            "account_id": "100061436965",
            "arn": "arn:aws:iam::100061436965:user/do.hoang.minh.hung@hoangminhung",
            "id": "2020-01-12 14:38:39.846566751 +0000 UTC",
            "user_id": "AIDAROTBALQS5ES2EA7IU"
          }
        }
      ]
    },
    {
      "module": "module.ec2",
      "mode": "managed",
      "type": "aws_instance",
      "name": "ec2_test",
      "provider": "provider.aws",
      "instances": [
        {
          "schema_version": 1,
          "attributes": {
            "ami": "ami-09f9d773751b9d606",
            "arn": "arn:aws:ec2:us-east-1:100061436965:instance/i-044e73c34589e510c",
            "associate_public_ip_address": true,
            "availability_zone": "us-east-1a",
            "cpu_core_count": 1,
            "cpu_threads_per_core": 1,
            "credit_specification": [
              {
                "cpu_credits": "standard"
              }
            ],
            "disable_api_termination": false,
            "ebs_block_device": [],
            "ebs_optimized": false,
            "ephemeral_block_device": [],
            "get_password_data": false,
            "host_id": null,
            "iam_instance_profile": "",
            "id": "i-044e73c34589e510c",
            "instance_initiated_shutdown_behavior": null,
            "instance_state": "running",
            "instance_type": "t2.micro",
            "ipv6_address_count": 0,
            "ipv6_addresses": [],
            "key_name": "keypair-test",
            "monitoring": false,
            "network_interface": [],
            "network_interface_id": null,
            "password_data": "",
            "placement_group": "",
            "primary_network_interface_id": "eni-037e18f38b3848680",
            "private_dns": "ip-10-10-1-221.ec2.internal",
            "private_ip": "10.10.1.221",
            "public_dns": "ec2-54-82-250-98.compute-1.amazonaws.com",
            "public_ip": "54.82.250.98",
            "root_block_device": [
              {
                "delete_on_termination": true,
                "encrypted": false,
                "iops": 100,
                "kms_key_id": "",
                "volume_id": "vol-0c30d85f98de5c411",
                "volume_size": 10,
                "volume_type": "gp2"
              }
            ],
            "security_groups": [],
            "source_dest_check": true,
            "subnet_id": "subnet-0eda465d5230ef11e",
            "tags": {
              "Environment": "test",
              "Name": "ec2-test",
              "ServerType": "ec2-test",
              "Stage": "test"
            },
            "tenancy": "default",
            "timeouts": null,
            "user_data": null,
            "user_data_base64": null,
            "volume_tags": {},
            "vpc_security_group_ids": [
              "sg-0ce4f99569bdbe75a"
            ]
          },
          "private": "eyJlMmJmYjczMC1lY2FhLTExZTYtOGY4OC0zNDM2M2JjN2M0YzAiOnsiY3JlYXRlIjo2MDAwMDAwMDAwMDAsImRlbGV0ZSI6MTIwMDAwMDAwMDAwMCwidXBkYXRlIjo2MDAwMDAwMDAwMDB9LCJzY2hlbWFfdmVyc2lvbiI6IjEifQ==",
          "dependencies": [
            "module.ec2.aws_key_pair.keypair_test",
            "module.ec2.aws_security_group.ec2_sg_test",
            "module.network.aws_subnet.subnet_test",
            "module.network.aws_vpc.vpc_test"
          ]
        }
      ]
    },
    {
      "module": "module.network",
      "mode": "managed",
      "type": "aws_internet_gateway",
      "name": "internet_gateway_test",
      "provider": "provider.aws",
      "instances": [
        {
          "schema_version": 0,
          "attributes": {
            "id": "igw-0a325719e505fb623",
            "owner_id": "100061436965",
            "tags": {
              "Name": "internet-gateway-test",
              "Stage": "test"
            },
            "vpc_id": "vpc-09e39cb2c16587e27"
          },
          "private": "bnVsbA==",
          "dependencies": [
            "module.network.aws_vpc.vpc_test"
          ]
        }
      ]
    },
    {
      "module": "module.ec2",
      "mode": "managed",
      "type": "aws_key_pair",
      "name": "keypair_test",
      "provider": "provider.aws",
      "instances": [
        {
          "schema_version": 1,
          "attributes": {
            "fingerprint": "e0:03:8c:08:74:16:30:4c:d8:b4:e1:b5:12:9f:2e:1a",
            "id": "keypair-test",
            "key_name": "keypair-test",
            "key_name_prefix": null,
            "public_key": "ssh-rsa AAAAB3NzaC1yc2EAAAABIwAAAQEAvj1Ok9F9wxLSdWyGifyT1WL8T49QM92/nFpSRHvcUinWiwIcirqZ8bNdB0IvaxHQY2svv3b1HRzfSVxZ8FLdQbpM+V1B18BOT2Zg5Ms1l2XgwerYssDmetKnC0RL4Fz4WYHwEcowqoG/GUBk7hNxs6KtMESOhVu+2PKxaILzbmKHN/FU/2qV+xobJNsA0d7GigtU4pnguIIfBK2abxqGUXdjKX6XI7De63fzVgQQGDhPTxkzbGDCdnhFG4Z+yWJtov7RPteBXuGjcqpc6A/2obwHV/4dsnNo0XnkCAhLuNDxVrK3P3VA5M74+Ed1RNrhJngHyRqsePM/bphST31ETw=="
          },
          "private": "eyJzY2hlbWFfdmVyc2lvbiI6IjEifQ=="
        }
      ]
    },
    {
      "module": "module.network",
      "mode": "managed",
      "type": "aws_network_acl",
      "name": "acl_test",
      "provider": "provider.aws",
      "instances": [
        {
          "schema_version": 0,
          "attributes": {
            "egress": [
              {
                "action": "allow",
                "cidr_block": "0.0.0.0/0",
                "from_port": 0,
                "icmp_code": 0,
                "icmp_type": 0,
                "ipv6_cidr_block": "",
                "protocol": "-1",
                "rule_no": 100,
                "to_port": 0
              }
            ],
            "id": "acl-0937a40c5ea1a6f92",
            "ingress": [
              {
                "action": "allow",
                "cidr_block": "0.0.0.0/0",
                "from_port": 0,
                "icmp_code": 0,
                "icmp_type": 0,
                "ipv6_cidr_block": "",
                "protocol": "-1",
                "rule_no": 100,
                "to_port": 0
              }
            ],
            "owner_id": "100061436965",
            "subnet_id": null,
            "subnet_ids": [
              "subnet-0eda465d5230ef11e"
            ],
            "tags": {
              "Name": "acl-test",
              "Stage": "test"
            },
            "vpc_id": "vpc-09e39cb2c16587e27"
          },
          "private": "bnVsbA==",
          "dependencies": [
            "module.network.aws_subnet.subnet_test",
            "module.network.aws_vpc.vpc_test"
          ]
        }
      ]
    },
    {
      "module": "module.network",
      "mode": "managed",
      "type": "aws_route_table",
      "name": "route_test",
      "provider": "provider.aws",
      "instances": [
        {
          "schema_version": 0,
          "attributes": {
            "id": "rtb-00e72e44d37b6a27e",
            "owner_id": "100061436965",
            "propagating_vgws": [],
            "route": [
              {
                "cidr_block": "0.0.0.0/0",
                "egress_only_gateway_id": "",
                "gateway_id": "igw-0a325719e505fb623",
                "instance_id": "",
                "ipv6_cidr_block": "",
                "nat_gateway_id": "",
                "network_interface_id": "",
                "transit_gateway_id": "",
                "vpc_peering_connection_id": ""
              }
            ],
            "tags": {
              "Name": "route-test",
              "Stage": "test"
            },
            "vpc_id": "vpc-09e39cb2c16587e27"
          },
          "private": "bnVsbA==",
          "dependencies": [
            "module.network.aws_internet_gateway.internet_gateway_test",
            "module.network.aws_vpc.vpc_test"
          ]
        }
      ]
    },
    {
      "module": "module.network",
      "mode": "managed",
      "type": "aws_route_table_association",
      "name": "public",
      "each": "list",
      "provider": "provider.aws",
      "instances": [
        {
          "index_key": 0,
          "schema_version": 0,
          "attributes": {
            "gateway_id": null,
            "id": "rtbassoc-043c4dc56ad2d1e4a",
            "route_table_id": "rtb-00e72e44d37b6a27e",
            "subnet_id": "subnet-0eda465d5230ef11e"
          },
          "private": "bnVsbA==",
          "dependencies": [
            "module.network.aws_internet_gateway.internet_gateway_test",
            "module.network.aws_route_table.route_test",
            "module.network.aws_subnet.subnet_test",
            "module.network.aws_vpc.vpc_test"
          ]
        }
      ]
    },
    {
      "module": "module.ec2",
      "mode": "managed",
      "type": "aws_security_group",
      "name": "ec2_sg_test",
      "provider": "provider.aws",
      "instances": [
        {
          "schema_version": 1,
          "attributes": {
            "arn": "arn:aws:ec2:us-east-1:100061436965:security-group/sg-0ce4f99569bdbe75a",
            "description": "Allow all",
            "egress": [
              {
                "cidr_blocks": [
                  "0.0.0.0/0"
                ],
                "description": "",
                "from_port": 0,
                "ipv6_cidr_blocks": [],
                "prefix_list_ids": [],
                "protocol": "-1",
                "security_groups": [],
                "self": false,
                "to_port": 0
              }
            ],
            "id": "sg-0ce4f99569bdbe75a",
            "ingress": [
              {
                "cidr_blocks": [
                  "0.0.0.0/0"
                ],
                "description": "",
                "from_port": 0,
                "ipv6_cidr_blocks": [],
                "prefix_list_ids": [],
                "protocol": "-1",
                "security_groups": [],
                "self": false,
                "to_port": 0
              }
            ],
            "name": "security-group-ec2-test",
            "name_prefix": null,
            "owner_id": "100061436965",
            "revoke_rules_on_delete": false,
            "tags": {
              "Name": "security-group-ec2-test",
              "Stage": "test",
              "Type": "test"
            },
            "timeouts": null,
            "vpc_id": "vpc-09e39cb2c16587e27"
          },
          "private": "eyJlMmJmYjczMC1lY2FhLTExZTYtOGY4OC0zNDM2M2JjN2M0YzAiOnsiY3JlYXRlIjo2MDAwMDAwMDAwMDAsImRlbGV0ZSI6NjAwMDAwMDAwMDAwfSwic2NoZW1hX3ZlcnNpb24iOiIxIn0=",
          "dependencies": [
            "module.network.aws_vpc.vpc_test"
          ]
        }
      ]
    },
    {
      "module": "module.network",
      "mode": "managed",
      "type": "aws_subnet",
      "name": "subnet_test",
      "each": "list",
      "provider": "provider.aws",
      "instances": [
        {
          "index_key": 0,
          "schema_version": 1,
          "attributes": {
            "arn": "arn:aws:ec2:us-east-1:100061436965:subnet/subnet-0eda465d5230ef11e",
            "assign_ipv6_address_on_creation": false,
            "availability_zone": "us-east-1a",
            "availability_zone_id": "use1-az2",
            "cidr_block": "10.10.1.0/24",
            "id": "subnet-0eda465d5230ef11e",
            "ipv6_cidr_block": "",
            "ipv6_cidr_block_association_id": "",
            "map_public_ip_on_launch": true,
            "owner_id": "100061436965",
            "tags": {
              "Name": "subnet-1-test",
              "Stage": "test"
            },
            "timeouts": null,
            "vpc_id": "vpc-09e39cb2c16587e27"
          },
          "private": "eyJlMmJmYjczMC1lY2FhLTExZTYtOGY4OC0zNDM2M2JjN2M0YzAiOnsiY3JlYXRlIjo2MDAwMDAwMDAwMDAsImRlbGV0ZSI6MTIwMDAwMDAwMDAwMH0sInNjaGVtYV92ZXJzaW9uIjoiMSJ9",
          "dependencies": [
            "module.network.aws_vpc.vpc_test"
          ]
        }
      ]
    },
    {
      "module": "module.network",
      "mode": "managed",
      "type": "aws_vpc",
      "name": "vpc_test",
      "provider": "provider.aws",
      "instances": [
        {
          "schema_version": 1,
          "attributes": {
            "arn": "arn:aws:ec2:us-east-1:100061436965:vpc/vpc-09e39cb2c16587e27",
            "assign_generated_ipv6_cidr_block": false,
            "cidr_block": "10.10.0.0/16",
            "default_network_acl_id": "acl-007cfd5f52a085ff8",
            "default_route_table_id": "rtb-0b486bef21739aba3",
            "default_security_group_id": "sg-058e5eefecf2b31db",
            "dhcp_options_id": "dopt-beec59c5",
            "enable_classiclink": false,
            "enable_classiclink_dns_support": false,
            "enable_dns_hostnames": true,
            "enable_dns_support": true,
            "id": "vpc-09e39cb2c16587e27",
            "instance_tenancy": "default",
            "ipv6_association_id": "",
            "ipv6_cidr_block": "",
            "main_route_table_id": "rtb-0b486bef21739aba3",
            "owner_id": "100061436965",
            "tags": {
              "Name": "vpc-test",
              "Stage": "test"
            }
          },
          "private": "eyJzY2hlbWFfdmVyc2lvbiI6IjEifQ=="
        }
      ]
    }
  ]
}
